uuid: 5a9baeee-f9ec-413e-9d94-7327cb9bc4d2
langcode: en
status: true
dependencies:
  config:
    - field.storage.paragraph.field_email_address_block
    - paragraphs.paragraphs_type.contact_information_reach_us_
  module:
    - text
id: paragraph.contact_information_reach_us_.field_email_address_block
field_name: field_email_address_block
entity_type: paragraph
bundle: contact_information_reach_us_
label: 'Email address block'
description: ''
required: false
translatable: false
default_value: {  }
default_value_callback: ''
settings: {  }
field_type: text_long
