uuid: 40f80803-2b2e-46a4-8fdb-50eae356b1d2
langcode: en
status: true
dependencies:
  config:
    - contact.form.reache_us
  module:
    - contact_block
  theme:
    - tederic
id: contactblock
theme: tederic
region: hidden
weight: 0
provider: null
plugin: contact_block
settings:
  id: contact_block
  label: 'Contact block'
  provider: contact_block
  label_display: '0'
  contact_form: reache_us
visibility: {  }
