uuid: 7226e88f-b922-434c-857e-5d0a9e811b08
langcode: en
status: true
dependencies:
  config:
    - field.storage.paragraph.field_phone_number_block
    - paragraphs.paragraphs_type.contact_information_reach_us_
  module:
    - text
id: paragraph.contact_information_reach_us_.field_phone_number_block
field_name: field_phone_number_block
entity_type: paragraph
bundle: contact_information_reach_us_
label: 'Phone number block'
description: ''
required: false
translatable: false
default_value: {  }
default_value_callback: ''
settings: {  }
field_type: text_long
